
Microsoft Visual Studio Solution File, Format Version 12.00
# Visual Studio Version 17
VisualStudioVersion = 17.3.32929.385
MinimumVisualStudioVersion = 10.0.40219.1
Project("{FAE04EC0-301F-11D3-BF4B-00C04F79EFBC}") = "WebShop", "WebShop\WebShop.csproj", "{F871FE18-FAF1-4EDC-A2B7-1EB88487CEE7}"
EndProject
Global
	GlobalSection(SolutionConfigurationPlatforms) = preSolution
		Debug|Any CPU = Debug|Any CPU
		Release|Any CPU = Release|Any CPU
	EndGlobalSection
	GlobalSection(ProjectConfigurationPlatforms) = postSolution
		{F871FE18-FAF1-4EDC-A2B7-1EB88487CEE7}.Debug|Any CPU.ActiveCfg = Debug|Any CPU
		{F871FE18-FAF1-4EDC-A2B7-1EB88487CEE7}.Debug|Any CPU.Build.0 = Debug|Any CPU
		{F871FE18-FAF1-4EDC-A2B7-1EB88487CEE7}.Release|Any CPU.ActiveCfg = Release|Any CPU
		{F871FE18-FAF1-4EDC-A2B7-1EB88487CEE7}.Release|Any CPU.Build.0 = Release|Any CPU
	EndGlobalSection
	GlobalSection(SolutionProperties) = preSolution
		HideSolutionNode = FALSE
	EndGlobalSection
	GlobalSection(ExtensibilityGlobals) = postSolution
		SolutionGuid = {54F453C0-5D6F-487F-8057-939F76D317F9}
	EndGlobalSection
EndGlobal
